
Microsoft Visual Studio Solution File, Format Version 12.00
# Visual Studio Version 17
VisualStudioVersion = 17.9.34607.119
MinimumVisualStudioVersion = 10.0.40219.1
Project("{9A19103F-16F7-4668-BE54-9A1E7A4F7556}") = "ClassTemplates", "ClassTemplates\ClassTemplates.csproj", "{CD0DE3B6-868F-44FE-9D2D-7823264B024C}"
EndProject
Global
	GlobalSection(SolutionConfigurationPlatforms) = preSolution
		Debug|Any CPU = Debug|Any CPU
		Release|Any CPU = Release|Any CPU
	EndGlobalSection
	GlobalSection(ProjectConfigurationPlatforms) = postSolution
		{CD0DE3B6-868F-44FE-9D2D-7823264B024C}.Debug|Any CPU.ActiveCfg = Debug|Any CPU
		{CD0DE3B6-868F-44FE-9D2D-7823264B024C}.Debug|Any CPU.Build.0 = Debug|Any CPU
		{CD0DE3B6-868F-44FE-9D2D-7823264B024C}.Release|Any CPU.ActiveCfg = Release|Any CPU
		{CD0DE3B6-868F-44FE-9D2D-7823264B024C}.Release|Any CPU.Build.0 = Release|Any CPU
	EndGlobalSection
	GlobalSection(SolutionProperties) = preSolution
		HideSolutionNode = FALSE
	EndGlobalSection
	GlobalSection(ExtensibilityGlobals) = postSolution
		SolutionGuid = {5C5F02D8-3892-4219-9F69-DC945FB49C8C}
	EndGlobalSection
EndGlobal
