Microsoft Visual Studio Solution File, Format Version 12.00
# Visual Studio Version 17
VisualStudioVersion = 17.9.34607.119
MinimumVisualStudioVersion = 10.0.40219.1
Project("{9A19103F-16F7-4668-BE54-9A1E7A4F7556}") = "ClassTemplates", "ClassTemplates\ClassTemplates.csproj", "{CD0DE3B6-868F-44FE-9D2D-7823264B024C}"
EndProject
Project("{2150E333-8FDC-42A3-9474-1A3956D46DE8}") = "Solution Items", "Solution Items", "{4CC36BF5-8D39-4D2E-BC4E-8F79D4E53253}"
	ProjectSection(SolutionItems) = preProject
		Readme.md = Readme.md
	EndProjectSection
EndProject
Project("{2150E333-8FDC-42A3-9474-1A3956D46DE8}") = "CQRS Base classes", "CQRS Base classes", "{7F173B52-82D5-40EC-B1FD-543092F417D6}"
EndProject
Project("{2150E333-8FDC-42A3-9474-1A3956D46DE8}") = "Exceptions", "Exceptions", "{F5FDB7A2-9F5B-4BB1-9A52-2713ABDDB35F}"
	ProjectSection(SolutionItems) = preProject
		BadRequestException.cs = BadRequestException.cs
		NotFoundException.cs = NotFoundException.cs
		ValidationException.cs = ValidationException.cs
	EndProjectSection
EndProject
Project("{2150E333-8FDC-42A3-9474-1A3956D46DE8}") = "Responses", "Responses", "{AC406DF4-843F-4BF9-84FD-7470E79364C1}"
	ProjectSection(SolutionItems) = preProject
		BaseResponse.cs = BaseResponse.cs
	EndProjectSection
EndProject
Global
	GlobalSection(SolutionConfigurationPlatforms) = preSolution
		Debug|Any CPU = Debug|Any CPU
		Release|Any CPU = Release|Any CPU
	EndGlobalSection
	GlobalSection(ProjectConfigurationPlatforms) = postSolution
		{CD0DE3B6-868F-44FE-9D2D-7823264B024C}.Debug|Any CPU.ActiveCfg = Debug|Any CPU
		{CD0DE3B6-868F-44FE-9D2D-7823264B024C}.Debug|Any CPU.Build.0 = Debug|Any CPU
		{CD0DE3B6-868F-44FE-9D2D-7823264B024C}.Release|Any CPU.ActiveCfg = Release|Any CPU
		{CD0DE3B6-868F-44FE-9D2D-7823264B024C}.Release|Any CPU.Build.0 = Release|Any CPU
	EndGlobalSection
	GlobalSection(SolutionProperties) = preSolution
		HideSolutionNode = FALSE
	EndGlobalSection
	GlobalSection(NestedProjects) = preSolution
		{7F173B52-82D5-40EC-B1FD-543092F417D6} = {4CC36BF5-8D39-4D2E-BC4E-8F79D4E53253}
		{F5FDB7A2-9F5B-4BB1-9A52-2713ABDDB35F} = {7F173B52-82D5-40EC-B1FD-543092F417D6}
		{AC406DF4-843F-4BF9-84FD-7470E79364C1} = {7F173B52-82D5-40EC-B1FD-543092F417D6}
	EndGlobalSection
	GlobalSection(ExtensibilityGlobals) = postSolution
		SolutionGuid = {5C5F02D8-3892-4219-9F69-DC945FB49C8C}
	EndGlobalSection
EndGlobal
